
Microsoft Visual Studio Solution File, Format Version 12.00
# Visual Studio Version 17
VisualStudioVersion = 17.1.32210.238
MinimumVisualStudioVersion = 10.0.40219.1
Project("{9A19103F-16F7-4668-BE54-9A1E7A4F7556}") = "MoviesAndSeriesApplication", "MoviesAndSeriesApplication\MoviesAndSeriesApplication.csproj", "{C976156B-4F40-4EAD-BAC0-C57AB523979A}"
EndProject
Project("{9A19103F-16F7-4668-BE54-9A1E7A4F7556}") = "LogicLayer", "LogicLayer\LogicLayer.csproj", "{B669FE5F-A90E-40B5-8622-068FC3440E70}"
EndProject
Project("{9A19103F-16F7-4668-BE54-9A1E7A4F7556}") = "DataAccessLayer", "DataAccessLayer\DataAccessLayer.csproj", "{BE7CFB04-1D63-4E5C-8CF6-C7832B61AA11}"
EndProject
Project("{9A19103F-16F7-4668-BE54-9A1E7A4F7556}") = "EntityLayer", "EntityLayer\EntityLayer.csproj", "{77FA7252-EC6C-4BDF-8706-C69239D4C424}"
EndProject
Project("{9A19103F-16F7-4668-BE54-9A1E7A4F7556}") = "TestProject", "TestProject\TestProject.csproj", "{20D6631D-DACD-478E-91E6-7A43F857738D}"
EndProject
Project("{FAE04EC0-301F-11D3-BF4B-00C04F79EFBC}") = "MoviesAndSeriesWebApplication", "MoviesAndSeriesWebApplication\MoviesAndSeriesWebApplication.csproj", "{29CBFA37-8DE3-43B1-842E-C53899B8BF30}"
EndProject
Global
	GlobalSection(SolutionConfigurationPlatforms) = preSolution
		Debug|Any CPU = Debug|Any CPU
		Release|Any CPU = Release|Any CPU
	EndGlobalSection
	GlobalSection(ProjectConfigurationPlatforms) = postSolution
		{C976156B-4F40-4EAD-BAC0-C57AB523979A}.Debug|Any CPU.ActiveCfg = Debug|Any CPU
		{C976156B-4F40-4EAD-BAC0-C57AB523979A}.Debug|Any CPU.Build.0 = Debug|Any CPU
		{C976156B-4F40-4EAD-BAC0-C57AB523979A}.Release|Any CPU.ActiveCfg = Release|Any CPU
		{C976156B-4F40-4EAD-BAC0-C57AB523979A}.Release|Any CPU.Build.0 = Release|Any CPU
		{B669FE5F-A90E-40B5-8622-068FC3440E70}.Debug|Any CPU.ActiveCfg = Debug|Any CPU
		{B669FE5F-A90E-40B5-8622-068FC3440E70}.Debug|Any CPU.Build.0 = Debug|Any CPU
		{B669FE5F-A90E-40B5-8622-068FC3440E70}.Release|Any CPU.ActiveCfg = Release|Any CPU
		{B669FE5F-A90E-40B5-8622-068FC3440E70}.Release|Any CPU.Build.0 = Release|Any CPU
		{BE7CFB04-1D63-4E5C-8CF6-C7832B61AA11}.Debug|Any CPU.ActiveCfg = Debug|Any CPU
		{BE7CFB04-1D63-4E5C-8CF6-C7832B61AA11}.Debug|Any CPU.Build.0 = Debug|Any CPU
		{BE7CFB04-1D63-4E5C-8CF6-C7832B61AA11}.Release|Any CPU.ActiveCfg = Release|Any CPU
		{BE7CFB04-1D63-4E5C-8CF6-C7832B61AA11}.Release|Any CPU.Build.0 = Release|Any CPU
		{77FA7252-EC6C-4BDF-8706-C69239D4C424}.Debug|Any CPU.ActiveCfg = Debug|Any CPU
		{77FA7252-EC6C-4BDF-8706-C69239D4C424}.Debug|Any CPU.Build.0 = Debug|Any CPU
		{77FA7252-EC6C-4BDF-8706-C69239D4C424}.Release|Any CPU.ActiveCfg = Release|Any CPU
		{77FA7252-EC6C-4BDF-8706-C69239D4C424}.Release|Any CPU.Build.0 = Release|Any CPU
		{20D6631D-DACD-478E-91E6-7A43F857738D}.Debug|Any CPU.ActiveCfg = Debug|Any CPU
		{20D6631D-DACD-478E-91E6-7A43F857738D}.Debug|Any CPU.Build.0 = Debug|Any CPU
		{20D6631D-DACD-478E-91E6-7A43F857738D}.Release|Any CPU.ActiveCfg = Release|Any CPU
		{20D6631D-DACD-478E-91E6-7A43F857738D}.Release|Any CPU.Build.0 = Release|Any CPU
		{29CBFA37-8DE3-43B1-842E-C53899B8BF30}.Debug|Any CPU.ActiveCfg = Debug|Any CPU
		{29CBFA37-8DE3-43B1-842E-C53899B8BF30}.Debug|Any CPU.Build.0 = Debug|Any CPU
		{29CBFA37-8DE3-43B1-842E-C53899B8BF30}.Release|Any CPU.ActiveCfg = Release|Any CPU
		{29CBFA37-8DE3-43B1-842E-C53899B8BF30}.Release|Any CPU.Build.0 = Release|Any CPU
	EndGlobalSection
	GlobalSection(SolutionProperties) = preSolution
		HideSolutionNode = FALSE
	EndGlobalSection
	GlobalSection(ExtensibilityGlobals) = postSolution
		SolutionGuid = {1D5C6577-0520-4EF7-8560-14E1FEA5B313}
	EndGlobalSection
EndGlobal
